// !$*UTF8*$!
{
	archiveVersion = 1;
	classes = {
	};
	objectVersion = 50;
	objects = {

/* Begin PBXBuildFile section */
		874F84492291974B0022CC0A /* AppDelegate.swift in Sources */ = {isa = PBXBuildFile; fileRef = 874F84482291974B0022CC0A /* AppDelegate.swift */; };
		874F844B2291974B0022CC0A /* MovieListViewController.swift in Sources */ = {isa = PBXBuildFile; fileRef = 874F844A2291974B0022CC0A /* MovieListViewController.swift */; };
		874F844E2291974B0022CC0A /* Main.storyboard in Resources */ = {isa = PBXBuildFile; fileRef = 874F844C2291974B0022CC0A /* Main.storyboard */; };
		874F84512291974B0022CC0A /* StarWarsMovies.xcdatamodeld in Sources */ = {isa = PBXBuildFile; fileRef = 874F844F2291974B0022CC0A /* StarWarsMovies.xcdatamodeld */; };
		874F84532291974C0022CC0A /* Assets.xcassets in Resources */ = {isa = PBXBuildFile; fileRef = 874F84522291974C0022CC0A /* Assets.xcassets */; };
		874F84562291974C0022CC0A /* LaunchScreen.storyboard in Resources */ = {isa = PBXBuildFile; fileRef = 874F84542291974C0022CC0A /* LaunchScreen.storyboard */; };
		878E68A22291ABF100B50F09 /* DataProvider.swift in Sources */ = {isa = PBXBuildFile; fileRef = 878E68A12291ABF100B50F09 /* DataProvider.swift */; };
		878E68A42291AC5600B50F09 /* Movie.swift in Sources */ = {isa = PBXBuildFile; fileRef = 878E68A32291AC5600B50F09 /* Movie.swift */; };
		878E68A72291AFA200B50F09 /* CoreDataStack.swift in Sources */ = {isa = PBXBuildFile; fileRef = 878E68A62291AFA200B50F09 /* CoreDataStack.swift */; };
		878E68A92291B19700B50F09 /* StarWarsApi.swift in Sources */ = {isa = PBXBuildFile; fileRef = 878E68A82291B19700B50F09 /* StarWarsApi.swift */; };
/* End PBXBuildFile section */

/* Begin PBXFileReference section */
		874F84452291974B0022CC0A /* StarWarsMovies.app */ = {isa = PBXFileReference; explicitFileType = wrapper.application; includeInIndex = 0; path = StarWarsMovies.app; sourceTree = BUILT_PRODUCTS_DIR; };
		874F84482291974B0022CC0A /* AppDelegate.swift */ = {isa = PBXFileReference; lastKnownFileType = sourcecode.swift; path = AppDelegate.swift; sourceTree = "<group>"; };
		874F844A2291974B0022CC0A /* MovieListViewController.swift */ = {isa = PBXFileReference; lastKnownFileType = sourcecode.swift; path = MovieListViewController.swift; sourceTree = "<group>"; };
		874F844D2291974B0022CC0A /* Base */ = {isa = PBXFileReference; lastKnownFileType = file.storyboard; name = Base; path = Base.lproj/Main.storyboard; sourceTree = "<group>"; };
		874F84502291974B0022CC0A /* StarWarsMovies.xcdatamodel */ = {isa = PBXFileReference; lastKnownFileType = wrapper.xcdatamodel; path = StarWarsMovies.xcdatamodel; sourceTree = "<group>"; };
		874F84522291974C0022CC0A /* Assets.xcassets */ = {isa = PBXFileReference; lastKnownFileType = folder.assetcatalog; path = Assets.xcassets; sourceTree = "<group>"; };
		874F84552291974C0022CC0A /* Base */ = {isa = PBXFileReference; lastKnownFileType = file.storyboard; name = Base; path = Base.lproj/LaunchScreen.storyboard; sourceTree = "<group>"; };
		874F84572291974C0022CC0A /* Info.plist */ = {isa = PBXFileReference; lastKnownFileType = text.plist.xml; path = Info.plist; sourceTree = "<group>"; };
		878E68A12291ABF100B50F09 /* DataProvider.swift */ = {isa = PBXFileReference; lastKnownFileType = sourcecode.swift; path = DataProvider.swift; sourceTree = "<group>"; };
		878E68A32291AC5600B50F09 /* Movie.swift */ = {isa = PBXFileReference; lastKnownFileType = sourcecode.swift; path = Movie.swift; sourceTree = "<group>"; };
		878E68A62291AFA200B50F09 /* CoreDataStack.swift */ = {isa = PBXFileReference; lastKnownFileType = sourcecode.swift; path = CoreDataStack.swift; sourceTree = "<group>"; };
		878E68A82291B19700B50F09 /* StarWarsApi.swift */ = {isa = PBXFileReference; lastKnownFileType = sourcecode.swift; path = StarWarsApi.swift; sourceTree = "<group>"; };
/* End PBXFileReference section */

/* Begin PBXFrameworksBuildPhase section */
		874F84422291974B0022CC0A /* Frameworks */ = {
			isa = PBXFrameworksBuildPhase;
			buildActionMask = 2147483647;
			files = (
			);
			runOnlyForDeploymentPostprocessing = 0;
		};
/* End PBXFrameworksBuildPhase section */

/* Begin PBXGroup section */
		874F843C2291974B0022CC0A = {
			isa = PBXGroup;
			children = (
				874F84472291974B0022CC0A /* StarWarsMovies */,
				874F84462291974B0022CC0A /* Products */,
			);
			sourceTree = "<group>";
		};
		874F84462291974B0022CC0A /* Products */ = {
			isa = PBXGroup;
			children = (
				874F84452291974B0022CC0A /* StarWarsMovies.app */,
			);
			name = Products;
			sourceTree = "<group>";
		};
		874F84472291974B0022CC0A /* StarWarsMovies */ = {
			isa = PBXGroup;
			children = (
				874F8463229199660022CC0A /* Utility */,
				874F84622291995C0022CC0A /* Storyboard */,
				874F8461229199550022CC0A /* Resource */,
				874F84602291994D0022CC0A /* Remote */,
				874F845F229199410022CC0A /* Model */,
				874F845E2291993C0022CC0A /* Extension */,
				874F845D229197AB0022CC0A /* Controller */,
				874F84482291974B0022CC0A /* AppDelegate.swift */,
			);
			path = StarWarsMovies;
			sourceTree = "<group>";
		};
		874F845D229197AB0022CC0A /* Controller */ = {
			isa = PBXGroup;
			children = (
				874F844A2291974B0022CC0A /* MovieListViewController.swift */,
			);
			path = Controller;
			sourceTree = "<group>";
		};
		874F845E2291993C0022CC0A /* Extension */ = {
			isa = PBXGroup;
			children = (
			);
			path = Extension;
			sourceTree = "<group>";
		};
		874F845F229199410022CC0A /* Model */ = {
			isa = PBXGroup;
			children = (
				874F844F2291974B0022CC0A /* StarWarsMovies.xcdatamodeld */,
				878E68A12291ABF100B50F09 /* DataProvider.swift */,
				878E68A32291AC5600B50F09 /* Movie.swift */,
				878E68A62291AFA200B50F09 /* CoreDataStack.swift */,
			);
			path = Model;
			sourceTree = "<group>";
		};
		874F84602291994D0022CC0A /* Remote */ = {
			isa = PBXGroup;
			children = (
				878E68A82291B19700B50F09 /* StarWarsApi.swift */,
			);
			path = Remote;
			sourceTree = "<group>";
		};
		874F8461229199550022CC0A /* Resource */ = {
			isa = PBXGroup;
			children = (
				874F84572291974C0022CC0A /* Info.plist */,
				874F84522291974C0022CC0A /* Assets.xcassets */,
			);
			path = Resource;
			sourceTree = "<group>";
		};
		874F84622291995C0022CC0A /* Storyboard */ = {
			isa = PBXGroup;
			children = (
				874F84542291974C0022CC0A /* LaunchScreen.storyboard */,
				874F844C2291974B0022CC0A /* Main.storyboard */,
			);
			path = Storyboard;
			sourceTree = "<group>";
		};
		874F8463229199660022CC0A /* Utility */ = {
			isa = PBXGroup;
			children = (
			);
			path = Utility;
			sourceTree = "<group>";
		};
/* End PBXGroup section */

/* Begin PBXNativeTarget section */
		874F84442291974B0022CC0A /* StarWarsMovies */ = {
			isa = PBXNativeTarget;
			buildConfigurationList = 874F845A2291974C0022CC0A /* Build configuration list for PBXNativeTarget "StarWarsMovies" */;
			buildPhases = (
				874F84412291974B0022CC0A /* Sources */,
				874F84422291974B0022CC0A /* Frameworks */,
				874F84432291974B0022CC0A /* Resources */,
			);
			buildRules = (
			);
			dependencies = (
			);
			name = StarWarsMovies;
			productName = StarWarsMovies;
			productReference = 874F84452291974B0022CC0A /* StarWarsMovies.app */;
			productType = "com.apple.product-type.application";
		};
/* End PBXNativeTarget section */

/* Begin PBXProject section */
		874F843D2291974B0022CC0A /* Project object */ = {
			isa = PBXProject;
			attributes = {
				LastSwiftUpdateCheck = 1020;
				LastUpgradeCheck = 1020;
				ORGANIZATIONNAME = "José Naves Moura Neto";
				TargetAttributes = {
					874F84442291974B0022CC0A = {
						CreatedOnToolsVersion = 10.2.1;
					};
				};
			};
			buildConfigurationList = 874F84402291974B0022CC0A /* Build configuration list for PBXProject "StarWarsMovies" */;
			compatibilityVersion = "Xcode 9.3";
			developmentRegion = en;
			hasScannedForEncodings = 0;
			knownRegions = (
				en,
				Base,
			);
			mainGroup = 874F843C2291974B0022CC0A;
			productRefGroup = 874F84462291974B0022CC0A /* Products */;
			projectDirPath = "";
			projectRoot = "";
			targets = (
				874F84442291974B0022CC0A /* StarWarsMovies */,
			);
		};
/* End PBXProject section */

/* Begin PBXResourcesBuildPhase section */
		874F84432291974B0022CC0A /* Resources */ = {
			isa = PBXResourcesBuildPhase;
			buildActionMask = 2147483647;
			files = (
				874F84562291974C0022CC0A /* LaunchScreen.storyboard in Resources */,
				874F84532291974C0022CC0A /* Assets.xcassets in Resources */,
				874F844E2291974B0022CC0A /* Main.storyboard in Resources */,
			);
			runOnlyForDeploymentPostprocessing = 0;
		};
/* End PBXResourcesBuildPhase section */

/* Begin PBXSourcesBuildPhase section */
		874F84412291974B0022CC0A /* Sources */ = {
			isa = PBXSourcesBuildPhase;
			buildActionMask = 2147483647;
			files = (
				874F844B2291974B0022CC0A /* MovieListViewController.swift in Sources */,
				874F84492291974B0022CC0A /* AppDelegate.swift in Sources */,
				878E68A22291ABF100B50F09 /* DataProvider.swift in Sources */,
				878E68A72291AFA200B50F09 /* CoreDataStack.swift in Sources */,
				878E68A92291B19700B50F09 /* StarWarsApi.swift in Sources */,
				874F84512291974B0022CC0A /* StarWarsMovies.xcdatamodeld in Sources */,
				878E68A42291AC5600B50F09 /* Movie.swift in Sources */,
			);
			runOnlyForDeploymentPostprocessing = 0;
		};
/* End PBXSourcesBuildPhase section */

/* Begin PBXVariantGroup section */
		874F844C2291974B0022CC0A /* Main.storyboard */ = {
			isa = PBXVariantGroup;
			children = (
				874F844D2291974B0022CC0A /* Base */,
			);
			name = Main.storyboard;
			sourceTree = "<group>";
		};
		874F84542291974C0022CC0A /* LaunchScreen.storyboard */ = {
			isa = PBXVariantGroup;
			children = (
				874F84552291974C0022CC0A /* Base */,
			);
			name = LaunchScreen.storyboard;
			sourceTree = "<group>";
		};
/* End PBXVariantGroup section */

/* Begin XCBuildConfiguration section */
		874F84582291974C0022CC0A /* Debug */ = {
			isa = XCBuildConfiguration;
			buildSettings = {
				ALWAYS_SEARCH_USER_PATHS = NO;
				CLANG_ANALYZER_NONNULL = YES;
				CLANG_ANALYZER_NUMBER_OBJECT_CONVERSION = YES_AGGRESSIVE;
				CLANG_CXX_LANGUAGE_STANDARD = "gnu++14";
				CLANG_CXX_LIBRARY = "libc++";
				CLANG_ENABLE_MODULES = YES;
				CLANG_ENABLE_OBJC_ARC = YES;
				CLANG_ENABLE_OBJC_WEAK = YES;
				CLANG_WARN_BLOCK_CAPTURE_AUTORELEASING = YES;
				CLANG_WARN_BOOL_CONVERSION = YES;
				CLANG_WARN_COMMA = YES;
				CLANG_WARN_CONSTANT_CONVERSION = YES;
				CLANG_WARN_DEPRECATED_OBJC_IMPLEMENTATIONS = YES;
				CLANG_WARN_DIRECT_OBJC_ISA_USAGE = YES_ERROR;
				CLANG_WARN_DOCUMENTATION_COMMENTS = YES;
				CLANG_WARN_EMPTY_BODY = YES;
				CLANG_WARN_ENUM_CONVERSION = YES;
				CLANG_WARN_INFINITE_RECURSION = YES;
				CLANG_WARN_INT_CONVERSION = YES;
				CLANG_WARN_NON_LITERAL_NULL_CONVERSION = YES;
				CLANG_WARN_OBJC_IMPLICIT_RETAIN_SELF = YES;
				CLANG_WARN_OBJC_LITERAL_CONVERSION = YES;
				CLANG_WARN_OBJC_ROOT_CLASS = YES_ERROR;
				CLANG_WARN_RANGE_LOOP_ANALYSIS = YES;
				CLANG_WARN_STRICT_PROTOTYPES = YES;
				CLANG_WARN_SUSPICIOUS_MOVE = YES;
				CLANG_WARN_UNGUARDED_AVAILABILITY = YES_AGGRESSIVE;
				CLANG_WARN_UNREACHABLE_CODE = YES;
				CLANG_WARN__DUPLICATE_METHOD_MATCH = YES;
				CODE_SIGN_IDENTITY = "iPhone Developer";
				COPY_PHASE_STRIP = NO;
				DEBUG_INFORMATION_FORMAT = dwarf;
				ENABLE_STRICT_OBJC_MSGSEND = YES;
				ENABLE_TESTABILITY = YES;
				GCC_C_LANGUAGE_STANDARD = gnu11;
				GCC_DYNAMIC_NO_PIC = NO;
				GCC_NO_COMMON_BLOCKS = YES;
				GCC_OPTIMIZATION_LEVEL = 0;
				GCC_PREPROCESSOR_DEFINITIONS = (
					"DEBUG=1",
					"$(inherited)",
				);
				GCC_WARN_64_TO_32_BIT_CONVERSION = YES;
				GCC_WARN_ABOUT_RETURN_TYPE = YES_ERROR;
				GCC_WARN_UNDECLARED_SELECTOR = YES;
				GCC_WARN_UNINITIALIZED_AUTOS = YES_AGGRESSIVE;
				GCC_WARN_UNUSED_FUNCTION = YES;
				GCC_WARN_UNUSED_VARIABLE = YES;
				IPHONEOS_DEPLOYMENT_TARGET = 12.2;
				MTL_ENABLE_DEBUG_INFO = INCLUDE_SOURCE;
				MTL_FAST_MATH = YES;
				ONLY_ACTIVE_ARCH = YES;
				SDKROOT = iphoneos;
				SWIFT_ACTIVE_COMPILATION_CONDITIONS = DEBUG;
				SWIFT_OPTIMIZATION_LEVEL = "-Onone";
			};
			name = Debug;
		};
		874F84592291974C0022CC0A /* Release */ = {
			isa = XCBuildConfiguration;
			buildSettings = {
				ALWAYS_SEARCH_USER_PATHS = NO;
				CLANG_ANALYZER_NONNULL = YES;
				CLANG_ANALYZER_NUMBER_OBJECT_CONVERSION = YES_AGGRESSIVE;
				CLANG_CXX_LANGUAGE_STANDARD = "gnu++14";
				CLANG_CXX_LIBRARY = "libc++";
				CLANG_ENABLE_MODULES = YES;
				CLANG_ENABLE_OBJC_ARC = YES;
				CLANG_ENABLE_OBJC_WEAK = YES;
				CLANG_WARN_BLOCK_CAPTURE_AUTORELEASING = YES;
				CLANG_WARN_BOOL_CONVERSION = YES;
				CLANG_WARN_COMMA = YES;
				CLANG_WARN_CONSTANT_CONVERSION = YES;
				CLANG_WARN_DEPRECATED_OBJC_IMPLEMENTATIONS = YES;
				CLANG_WARN_DIRECT_OBJC_ISA_USAGE = YES_ERROR;
				CLANG_WARN_DOCUMENTATION_COMMENTS = YES;
				CLANG_WARN_EMPTY_BODY = YES;
				CLANG_WARN_ENUM_CONVERSION = YES;
				CLANG_WARN_INFINITE_RECURSION = YES;
				CLANG_WARN_INT_CONVERSION = YES;
				CLANG_WARN_NON_LITERAL_NULL_CONVERSION = YES;
				CLANG_WARN_OBJC_IMPLICIT_RETAIN_SELF = YES;
				CLANG_WARN_OBJC_LITERAL_CONVERSION = YES;
				CLANG_WARN_OBJC_ROOT_CLASS = YES_ERROR;
				CLANG_WARN_RANGE_LOOP_ANALYSIS = YES;
				CLANG_WARN_STRICT_PROTOTYPES = YES;
				CLANG_WARN_SUSPICIOUS_MOVE = YES;
				CLANG_WARN_UNGUARDED_AVAILABILITY = YES_AGGRESSIVE;
				CLANG_WARN_UNREACHABLE_CODE = YES;
				CLANG_WARN__DUPLICATE_METHOD_MATCH = YES;
				CODE_SIGN_IDENTITY = "iPhone Developer";
				COPY_PHASE_STRIP = NO;
				DEBUG_INFORMATION_FORMAT = "dwarf-with-dsym";
				ENABLE_NS_ASSERTIONS = NO;
				ENABLE_STRICT_OBJC_MSGSEND = YES;
				GCC_C_LANGUAGE_STANDARD = gnu11;
				GCC_NO_COMMON_BLOCKS = YES;
				GCC_WARN_64_TO_32_BIT_CONVERSION = YES;
				GCC_WARN_ABOUT_RETURN_TYPE = YES_ERROR;
				GCC_WARN_UNDECLARED_SELECTOR = YES;
				GCC_WARN_UNINITIALIZED_AUTOS = YES_AGGRESSIVE;
				GCC_WARN_UNUSED_FUNCTION = YES;
				GCC_WARN_UNUSED_VARIABLE = YES;
				IPHONEOS_DEPLOYMENT_TARGET = 12.2;
				MTL_ENABLE_DEBUG_INFO = NO;
				MTL_FAST_MATH = YES;
				SDKROOT = iphoneos;
				SWIFT_COMPILATION_MODE = wholemodule;
				SWIFT_OPTIMIZATION_LEVEL = "-O";
				VALIDATE_PRODUCT = YES;
			};
			name = Release;
		};
		874F845B2291974C0022CC0A /* Debug */ = {
			isa = XCBuildConfiguration;
			buildSettings = {
				ASSETCATALOG_COMPILER_APPICON_NAME = AppIcon;
				CODE_SIGN_STYLE = Automatic;
				DEVELOPMENT_TEAM = 8K8L59XB48;
				INFOPLIST_FILE = "$(SRCROOT)/StarWarsMovies/Resource/Info.plist";
				LD_RUNPATH_SEARCH_PATHS = (
					"$(inherited)",
					"@executable_path/Frameworks",
				);
				PRODUCT_BUNDLE_IDENTIFIER = josenaves.com.StarWarsMovies;
				PRODUCT_NAME = "$(TARGET_NAME)";
				SWIFT_VERSION = 5.0;
				TARGETED_DEVICE_FAMILY = "1,2";
			};
			name = Debug;
		};
		874F845C2291974C0022CC0A /* Release */ = {
			isa = XCBuildConfiguration;
			buildSettings = {
				ASSETCATALOG_COMPILER_APPICON_NAME = AppIcon;
				CODE_SIGN_STYLE = Automatic;
				DEVELOPMENT_TEAM = 8K8L59XB48;
				INFOPLIST_FILE = "$(SRCROOT)/StarWarsMovies/Resource/Info.plist";
				LD_RUNPATH_SEARCH_PATHS = (
					"$(inherited)",
					"@executable_path/Frameworks",
				);
				PRODUCT_BUNDLE_IDENTIFIER = josenaves.com.StarWarsMovies;
				PRODUCT_NAME = "$(TARGET_NAME)";
				SWIFT_VERSION = 5.0;
				TARGETED_DEVICE_FAMILY = "1,2";
			};
			name = Release;
		};
/* End XCBuildConfiguration section */

/* Begin XCConfigurationList section */
		874F84402291974B0022CC0A /* Build configuration list for PBXProject "StarWarsMovies" */ = {
			isa = XCConfigurationList;
			buildConfigurations = (
				874F84582291974C0022CC0A /* Debug */,
				874F84592291974C0022CC0A /* Release */,
			);
			defaultConfigurationIsVisible = 0;
			defaultConfigurationName = Release;
		};
		874F845A2291974C0022CC0A /* Build configuration list for PBXNativeTarget "StarWarsMovies" */ = {
			isa = XCConfigurationList;
			buildConfigurations = (
				874F845B2291974C0022CC0A /* Debug */,
				874F845C2291974C0022CC0A /* Release */,
			);
			defaultConfigurationIsVisible = 0;
			defaultConfigurationName = Release;
		};
/* End XCConfigurationList section */

/* Begin XCVersionGroup section */
		874F844F2291974B0022CC0A /* StarWarsMovies.xcdatamodeld */ = {
			isa = XCVersionGroup;
			children = (
				874F84502291974B0022CC0A /* StarWarsMovies.xcdatamodel */,
			);
			currentVersion = 874F84502291974B0022CC0A /* StarWarsMovies.xcdatamodel */;
			path = StarWarsMovies.xcdatamodeld;
			sourceTree = "<group>";
			versionGroupType = wrapper.xcdatamodel;
		};
/* End XCVersionGroup section */
	};
	rootObject = 874F843D2291974B0022CC0A /* Project object */;
}
